
Microsoft Visual Studio Solution File, Format Version 12.00
# Visual Studio Version 17
VisualStudioVersion = 17.4.33213.308
MinimumVisualStudioVersion = 10.0.40219.1
Project("{FAE04EC0-301F-11D3-BF4B-00C04F79EFBC}") = "Demo", "Demo\Demo.csproj", "{56B9CE67-924D-4703-9BC7-E971AFC25AEE}"
EndProject
Global
	GlobalSection(SolutionConfigurationPlatforms) = preSolution
		Debug|Any CPU = Debug|Any CPU
		Release|Any CPU = Release|Any CPU
	EndGlobalSection
	GlobalSection(ProjectConfigurationPlatforms) = postSolution
		{56B9CE67-924D-4703-9BC7-E971AFC25AEE}.Debug|Any CPU.ActiveCfg = Debug|Any CPU
		{56B9CE67-924D-4703-9BC7-E971AFC25AEE}.Debug|Any CPU.Build.0 = Debug|Any CPU
		{56B9CE67-924D-4703-9BC7-E971AFC25AEE}.Release|Any CPU.ActiveCfg = Release|Any CPU
		{56B9CE67-924D-4703-9BC7-E971AFC25AEE}.Release|Any CPU.Build.0 = Release|Any CPU
	EndGlobalSection
	GlobalSection(SolutionProperties) = preSolution
		HideSolutionNode = FALSE
	EndGlobalSection
	GlobalSection(ExtensibilityGlobals) = postSolution
		SolutionGuid = {B23B2C23-38B8-4BD5-BA57-D1C2177A936A}
	EndGlobalSection
EndGlobal
